// !$*UTF8*$!
{
	archiveVersion = 1;
	classes = {
	};
	objectVersion = 46;
	objects = {

/* Begin PBXBuildFile section */
		9A2D265E1BB053370083A4EC /* main.m in Sources */ = {isa = PBXBuildFile; fileRef = 9A2D265D1BB053370083A4EC /* main.m */; };
		9A2D26611BB053370083A4EC /* AppDelegate.m in Sources */ = {isa = PBXBuildFile; fileRef = 9A2D26601BB053370083A4EC /* AppDelegate.m */; };
		9A2D26641BB053370083A4EC /* ViewController.m in Sources */ = {isa = PBXBuildFile; fileRef = 9A2D26631BB053370083A4EC /* ViewController.m */; };
		9A2D26671BB053370083A4EC /* Main.storyboard in Resources */ = {isa = PBXBuildFile; fileRef = 9A2D26651BB053370083A4EC /* Main.storyboard */; };
		9A2D26691BB053370083A4EC /* Assets.xcassets in Resources */ = {isa = PBXBuildFile; fileRef = 9A2D26681BB053370083A4EC /* Assets.xcassets */; };
		9A2D266C1BB053370083A4EC /* LaunchScreen.storyboard in Resources */ = {isa = PBXBuildFile; fileRef = 9A2D266A1BB053370083A4EC /* LaunchScreen.storyboard */; };
		9A2D26771BB053370083A4EC /* ThreadsWorkHomeTests.m in Sources */ = {isa = PBXBuildFile; fileRef = 9A2D26761BB053370083A4EC /* ThreadsWorkHomeTests.m */; };
		9A2D26821BB053370083A4EC /* ThreadsWorkHomeUITests.m in Sources */ = {isa = PBXBuildFile; fileRef = 9A2D26811BB053370083A4EC /* ThreadsWorkHomeUITests.m */; };
		9A65AA221BB1A0A90084BB7F /* Student.m in Sources */ = {isa = PBXBuildFile; fileRef = 9A65AA211BB1A0A90084BB7F /* Student.m */; settings = {ASSET_TAGS = (); }; };
/* End PBXBuildFile section */

/* Begin PBXContainerItemProxy section */
		9A2D26731BB053370083A4EC /* PBXContainerItemProxy */ = {
			isa = PBXContainerItemProxy;
			containerPortal = 9A2D26511BB053370083A4EC /* Project object */;
			proxyType = 1;
			remoteGlobalIDString = 9A2D26581BB053370083A4EC;
			remoteInfo = ThreadsWorkHome;
		};
		9A2D267E1BB053370083A4EC /* PBXContainerItemProxy */ = {
			isa = PBXContainerItemProxy;
			containerPortal = 9A2D26511BB053370083A4EC /* Project object */;
			proxyType = 1;
			remoteGlobalIDString = 9A2D26581BB053370083A4EC;
			remoteInfo = ThreadsWorkHome;
		};
/* End PBXContainerItemProxy section */

/* Begin PBXFileReference section */
		9A2D26591BB053370083A4EC /* ThreadsWorkHome.app */ = {isa = PBXFileReference; explicitFileType = wrapper.application; includeInIndex = 0; path = ThreadsWorkHome.app; sourceTree = BUILT_PRODUCTS_DIR; };
		9A2D265D1BB053370083A4EC /* main.m */ = {isa = PBXFileReference; lastKnownFileType = sourcecode.c.objc; path = main.m; sourceTree = "<group>"; };
		9A2D265F1BB053370083A4EC /* AppDelegate.h */ = {isa = PBXFileReference; lastKnownFileType = sourcecode.c.h; path = AppDelegate.h; sourceTree = "<group>"; };
		9A2D26601BB053370083A4EC /* AppDelegate.m */ = {isa = PBXFileReference; lastKnownFileType = sourcecode.c.objc; path = AppDelegate.m; sourceTree = "<group>"; };
		9A2D26621BB053370083A4EC /* ViewController.h */ = {isa = PBXFileReference; lastKnownFileType = sourcecode.c.h; path = ViewController.h; sourceTree = "<group>"; };
		9A2D26631BB053370083A4EC /* ViewController.m */ = {isa = PBXFileReference; lastKnownFileType = sourcecode.c.objc; path = ViewController.m; sourceTree = "<group>"; };
		9A2D26661BB053370083A4EC /* Base */ = {isa = PBXFileReference; lastKnownFileType = file.storyboard; name = Base; path = Base.lproj/Main.storyboard; sourceTree = "<group>"; };
		9A2D26681BB053370083A4EC /* Assets.xcassets */ = {isa = PBXFileReference; lastKnownFileType = folder.assetcatalog; path = Assets.xcassets; sourceTree = "<group>"; };
		9A2D266B1BB053370083A4EC /* Base */ = {isa = PBXFileReference; lastKnownFileType = file.storyboard; name = Base; path = Base.lproj/LaunchScreen.storyboard; sourceTree = "<group>"; };
		9A2D266D1BB053370083A4EC /* Info.plist */ = {isa = PBXFileReference; lastKnownFileType = text.plist.xml; path = Info.plist; sourceTree = "<group>"; };
		9A2D26721BB053370083A4EC /* ThreadsWorkHomeTests.xctest */ = {isa = PBXFileReference; explicitFileType = wrapper.cfbundle; includeInIndex = 0; path = ThreadsWorkHomeTests.xctest; sourceTree = BUILT_PRODUCTS_DIR; };
		9A2D26761BB053370083A4EC /* ThreadsWorkHomeTests.m */ = {isa = PBXFileReference; lastKnownFileType = sourcecode.c.objc; path = ThreadsWorkHomeTests.m; sourceTree = "<group>"; };
		9A2D26781BB053370083A4EC /* Info.plist */ = {isa = PBXFileReference; lastKnownFileType = text.plist.xml; path = Info.plist; sourceTree = "<group>"; };
		9A2D267D1BB053370083A4EC /* ThreadsWorkHomeUITests.xctest */ = {isa = PBXFileReference; explicitFileType = wrapper.cfbundle; includeInIndex = 0; path = ThreadsWorkHomeUITests.xctest; sourceTree = BUILT_PRODUCTS_DIR; };
		9A2D26811BB053370083A4EC /* ThreadsWorkHomeUITests.m */ = {isa = PBXFileReference; lastKnownFileType = sourcecode.c.objc; path = ThreadsWorkHomeUITests.m; sourceTree = "<group>"; };
		9A2D26831BB053370083A4EC /* Info.plist */ = {isa = PBXFileReference; lastKnownFileType = text.plist.xml; path = Info.plist; sourceTree = "<group>"; };
		9A65AA201BB1A0A90084BB7F /* Student.h */ = {isa = PBXFileReference; fileEncoding = 4; lastKnownFileType = sourcecode.c.h; path = Student.h; sourceTree = "<group>"; };
		9A65AA211BB1A0A90084BB7F /* Student.m */ = {isa = PBXFileReference; fileEncoding = 4; lastKnownFileType = sourcecode.c.objc; path = Student.m; sourceTree = "<group>"; };
/* End PBXFileReference section */

/* Begin PBXFrameworksBuildPhase section */
		9A2D26561BB053370083A4EC /* Frameworks */ = {
			isa = PBXFrameworksBuildPhase;
			buildActionMask = 2147483647;
			files = (
			);
			runOnlyForDeploymentPostprocessing = 0;
		};
		9A2D266F1BB053370083A4EC /* Frameworks */ = {
			isa = PBXFrameworksBuildPhase;
			buildActionMask = 2147483647;
			files = (
			);
			runOnlyForDeploymentPostprocessing = 0;
		};
		9A2D267A1BB053370083A4EC /* Frameworks */ = {
			isa = PBXFrameworksBuildPhase;
			buildActionMask = 2147483647;
			files = (
			);
			runOnlyForDeploymentPostprocessing = 0;
		};
/* End PBXFrameworksBuildPhase section */

/* Begin PBXGroup section */
		9A2D26501BB053370083A4EC = {
			isa = PBXGroup;
			children = (
				9A2D265B1BB053370083A4EC /* ThreadsWorkHome */,
				9A2D26751BB053370083A4EC /* ThreadsWorkHomeTests */,
				9A2D26801BB053370083A4EC /* ThreadsWorkHomeUITests */,
				9A2D265A1BB053370083A4EC /* Products */,
			);
			sourceTree = "<group>";
		};
		9A2D265A1BB053370083A4EC /* Products */ = {
			isa = PBXGroup;
			children = (
				9A2D26591BB053370083A4EC /* ThreadsWorkHome.app */,
				9A2D26721BB053370083A4EC /* ThreadsWorkHomeTests.xctest */,
				9A2D267D1BB053370083A4EC /* ThreadsWorkHomeUITests.xctest */,
			);
			name = Products;
			sourceTree = "<group>";
		};
		9A2D265B1BB053370083A4EC /* ThreadsWorkHome */ = {
			isa = PBXGroup;
			children = (
				9A65AA201BB1A0A90084BB7F /* Student.h */,
				9A65AA211BB1A0A90084BB7F /* Student.m */,
				9A2D265F1BB053370083A4EC /* AppDelegate.h */,
				9A2D26601BB053370083A4EC /* AppDelegate.m */,
				9A2D26621BB053370083A4EC /* ViewController.h */,
				9A2D26631BB053370083A4EC /* ViewController.m */,
				9A2D26651BB053370083A4EC /* Main.storyboard */,
				9A2D26681BB053370083A4EC /* Assets.xcassets */,
				9A2D266A1BB053370083A4EC /* LaunchScreen.storyboard */,
				9A2D266D1BB053370083A4EC /* Info.plist */,
				9A2D265C1BB053370083A4EC /* Supporting Files */,
			);
			path = ThreadsWorkHome;
			sourceTree = "<group>";
		};
		9A2D265C1BB053370083A4EC /* Supporting Files */ = {
			isa = PBXGroup;
			children = (
				9A2D265D1BB053370083A4EC /* main.m */,
			);
			name = "Supporting Files";
			sourceTree = "<group>";
		};
		9A2D26751BB053370083A4EC /* ThreadsWorkHomeTests */ = {
			isa = PBXGroup;
			children = (
				9A2D26761BB053370083A4EC /* ThreadsWorkHomeTests.m */,
				9A2D26781BB053370083A4EC /* Info.plist */,
			);
			path = ThreadsWorkHomeTests;
			sourceTree = "<group>";
		};
		9A2D26801BB053370083A4EC /* ThreadsWorkHomeUITests */ = {
			isa = PBXGroup;
			children = (
				9A2D26811BB053370083A4EC /* ThreadsWorkHomeUITests.m */,
				9A2D26831BB053370083A4EC /* Info.plist */,
			);
			path = ThreadsWorkHomeUITests;
			sourceTree = "<group>";
		};
/* End PBXGroup section */

/* Begin PBXNativeTarget section */
		9A2D26581BB053370083A4EC /* ThreadsWorkHome */ = {
			isa = PBXNativeTarget;
			buildConfigurationList = 9A2D26861BB053370083A4EC /* Build configuration list for PBXNativeTarget "ThreadsWorkHome" */;
			buildPhases = (
				9A2D26551BB053370083A4EC /* Sources */,
				9A2D26561BB053370083A4EC /* Frameworks */,
				9A2D26571BB053370083A4EC /* Resources */,
			);
			buildRules = (
			);
			dependencies = (
			);
			name = ThreadsWorkHome;
			productName = ThreadsWorkHome;
			productReference = 9A2D26591BB053370083A4EC /* ThreadsWorkHome.app */;
			productType = "com.apple.product-type.application";
		};
		9A2D26711BB053370083A4EC /* ThreadsWorkHomeTests */ = {
			isa = PBXNativeTarget;
			buildConfigurationList = 9A2D26891BB053370083A4EC /* Build configuration list for PBXNativeTarget "ThreadsWorkHomeTests" */;
			buildPhases = (
				9A2D266E1BB053370083A4EC /* Sources */,
				9A2D266F1BB053370083A4EC /* Frameworks */,
				9A2D26701BB053370083A4EC /* Resources */,
			);
			buildRules = (
			);
			dependencies = (
				9A2D26741BB053370083A4EC /* PBXTargetDependency */,
			);
			name = ThreadsWorkHomeTests;
			productName = ThreadsWorkHomeTests;
			productReference = 9A2D26721BB053370083A4EC /* ThreadsWorkHomeTests.xctest */;
			productType = "com.apple.product-type.bundle.unit-test";
		};
		9A2D267C1BB053370083A4EC /* ThreadsWorkHomeUITests */ = {
			isa = PBXNativeTarget;
			buildConfigurationList = 9A2D268C1BB053370083A4EC /* Build configuration list for PBXNativeTarget "ThreadsWorkHomeUITests" */;
			buildPhases = (
				9A2D26791BB053370083A4EC /* Sources */,
				9A2D267A1BB053370083A4EC /* Frameworks */,
				9A2D267B1BB053370083A4EC /* Resources */,
			);
			buildRules = (
			);
			dependencies = (
				9A2D267F1BB053370083A4EC /* PBXTargetDependency */,
			);
			name = ThreadsWorkHomeUITests;
			productName = ThreadsWorkHomeUITests;
			productReference = 9A2D267D1BB053370083A4EC /* ThreadsWorkHomeUITests.xctest */;
			productType = "com.apple.product-type.bundle.ui-testing";
		};
/* End PBXNativeTarget section */

/* Begin PBXProject section */
		9A2D26511BB053370083A4EC /* Project object */ = {
			isa = PBXProject;
			attributes = {
				LastUpgradeCheck = 0700;
				ORGANIZATIONNAME = "Nikolay Berlioz";
				TargetAttributes = {
					9A2D26581BB053370083A4EC = {
						CreatedOnToolsVersion = 7.0;
					};
					9A2D26711BB053370083A4EC = {
						CreatedOnToolsVersion = 7.0;
						TestTargetID = 9A2D26581BB053370083A4EC;
					};
					9A2D267C1BB053370083A4EC = {
						CreatedOnToolsVersion = 7.0;
						TestTargetID = 9A2D26581BB053370083A4EC;
					};
				};
			};
			buildConfigurationList = 9A2D26541BB053370083A4EC /* Build configuration list for PBXProject "ThreadsWorkHome" */;
			compatibilityVersion = "Xcode 3.2";
			developmentRegion = English;
			hasScannedForEncodings = 0;
			knownRegions = (
				en,
				Base,
			);
			mainGroup = 9A2D26501BB053370083A4EC;
			productRefGroup = 9A2D265A1BB053370083A4EC /* Products */;
			projectDirPath = "";
			projectRoot = "";
			targets = (
				9A2D26581BB053370083A4EC /* ThreadsWorkHome */,
				9A2D26711BB053370083A4EC /* ThreadsWorkHomeTests */,
				9A2D267C1BB053370083A4EC /* ThreadsWorkHomeUITests */,
			);
		};
/* End PBXProject section */

/* Begin PBXResourcesBuildPhase section */
		9A2D26571BB053370083A4EC /* Resources */ = {
			isa = PBXResourcesBuildPhase;
			buildActionMask = 2147483647;
			files = (
				9A2D266C1BB053370083A4EC /* LaunchScreen.storyboard in Resources */,
				9A2D26691BB053370083A4EC /* Assets.xcassets in Resources */,
				9A2D26671BB053370083A4EC /* Main.storyboard in Resources */,
			);
			runOnlyForDeploymentPostprocessing = 0;
		};
		9A2D26701BB053370083A4EC /* Resources */ = {
			isa = PBXResourcesBuildPhase;
			buildActionMask = 2147483647;
			files = (
			);
			runOnlyForDeploymentPostprocessing = 0;
		};
		9A2D267B1BB053370083A4EC /* Resources */ = {
			isa = PBXResourcesBuildPhase;
			buildActionMask = 2147483647;
			files = (
			);
			runOnlyForDeploymentPostprocessing = 0;
		};
/* End PBXResourcesBuildPhase section */

/* Begin PBXSourcesBuildPhase section */
		9A2D26551BB053370083A4EC /* Sources */ = {
			isa = PBXSourcesBuildPhase;
			buildActionMask = 2147483647;
			files = (
				9A2D26641BB053370083A4EC /* ViewController.m in Sources */,
				9A2D26611BB053370083A4EC /* AppDelegate.m in Sources */,
				9A2D265E1BB053370083A4EC /* main.m in Sources */,
				9A65AA221BB1A0A90084BB7F /* Student.m in Sources */,
			);
			runOnlyForDeploymentPostprocessing = 0;
		};
		9A2D266E1BB053370083A4EC /* Sources */ = {
			isa = PBXSourcesBuildPhase;
			buildActionMask = 2147483647;
			files = (
				9A2D26771BB053370083A4EC /* ThreadsWorkHomeTests.m in Sources */,
			);
			runOnlyForDeploymentPostprocessing = 0;
		};
		9A2D26791BB053370083A4EC /* Sources */ = {
			isa = PBXSourcesBuildPhase;
			buildActionMask = 2147483647;
			files = (
				9A2D26821BB053370083A4EC /* ThreadsWorkHomeUITests.m in Sources */,
			);
			runOnlyForDeploymentPostprocessing = 0;
		};
/* End PBXSourcesBuildPhase section */

/* Begin PBXTargetDependency section */
		9A2D26741BB053370083A4EC /* PBXTargetDependency */ = {
			isa = PBXTargetDependency;
			target = 9A2D26581BB053370083A4EC /* ThreadsWorkHome */;
			targetProxy = 9A2D26731BB053370083A4EC /* PBXContainerItemProxy */;
		};
		9A2D267F1BB053370083A4EC /* PBXTargetDependency */ = {
			isa = PBXTargetDependency;
			target = 9A2D26581BB053370083A4EC /* ThreadsWorkHome */;
			targetProxy = 9A2D267E1BB053370083A4EC /* PBXContainerItemProxy */;
		};
/* End PBXTargetDependency section */

/* Begin PBXVariantGroup section */
		9A2D26651BB053370083A4EC /* Main.storyboard */ = {
			isa = PBXVariantGroup;
			children = (
				9A2D26661BB053370083A4EC /* Base */,
			);
			name = Main.storyboard;
			sourceTree = "<group>";
		};
		9A2D266A1BB053370083A4EC /* LaunchScreen.storyboard */ = {
			isa = PBXVariantGroup;
			children = (
				9A2D266B1BB053370083A4EC /* Base */,
			);
			name = LaunchScreen.storyboard;
			sourceTree = "<group>";
		};
/* End PBXVariantGroup section */

/* Begin XCBuildConfiguration section */
		9A2D26841BB053370083A4EC /* Debug */ = {
			isa = XCBuildConfiguration;
			buildSettings = {
				ALWAYS_SEARCH_USER_PATHS = NO;
				CLANG_CXX_LANGUAGE_STANDARD = "gnu++0x";
				CLANG_CXX_LIBRARY = "libc++";
				CLANG_ENABLE_MODULES = YES;
				CLANG_ENABLE_OBJC_ARC = YES;
				CLANG_WARN_BOOL_CONVERSION = YES;
				CLANG_WARN_CONSTANT_CONVERSION = YES;
				CLANG_WARN_DIRECT_OBJC_ISA_USAGE = YES_ERROR;
				CLANG_WARN_EMPTY_BODY = YES;
				CLANG_WARN_ENUM_CONVERSION = YES;
				CLANG_WARN_INT_CONVERSION = YES;
				CLANG_WARN_OBJC_ROOT_CLASS = YES_ERROR;
				CLANG_WARN_UNREACHABLE_CODE = YES;
				CLANG_WARN__DUPLICATE_METHOD_MATCH = YES;
				"CODE_SIGN_IDENTITY[sdk=iphoneos*]" = "iPhone Developer";
				COPY_PHASE_STRIP = NO;
				DEBUG_INFORMATION_FORMAT = dwarf;
				ENABLE_STRICT_OBJC_MSGSEND = YES;
				ENABLE_TESTABILITY = YES;
				GCC_C_LANGUAGE_STANDARD = gnu99;
				GCC_DYNAMIC_NO_PIC = NO;
				GCC_NO_COMMON_BLOCKS = YES;
				GCC_OPTIMIZATION_LEVEL = 0;
				GCC_PREPROCESSOR_DEFINITIONS = (
					"DEBUG=1",
					"$(inherited)",
				);
				GCC_WARN_64_TO_32_BIT_CONVERSION = YES;
				GCC_WARN_ABOUT_RETURN_TYPE = YES_ERROR;
				GCC_WARN_UNDECLARED_SELECTOR = YES;
				GCC_WARN_UNINITIALIZED_AUTOS = YES_AGGRESSIVE;
				GCC_WARN_UNUSED_FUNCTION = YES;
				GCC_WARN_UNUSED_VARIABLE = YES;
				IPHONEOS_DEPLOYMENT_TARGET = 9.0;
				MTL_ENABLE_DEBUG_INFO = YES;
				ONLY_ACTIVE_ARCH = YES;
				SDKROOT = iphoneos;
				TARGETED_DEVICE_FAMILY = "1,2";
			};
			name = Debug;
		};
		9A2D26851BB053370083A4EC /* Release */ = {
			isa = XCBuildConfiguration;
			buildSettings = {
				ALWAYS_SEARCH_USER_PATHS = NO;
				CLANG_CXX_LANGUAGE_STANDARD = "gnu++0x";
				CLANG_CXX_LIBRARY = "libc++";
				CLANG_ENABLE_MODULES = YES;
				CLANG_ENABLE_OBJC_ARC = YES;
				CLANG_WARN_BOOL_CONVERSION = YES;
				CLANG_WARN_CONSTANT_CONVERSION = YES;
				CLANG_WARN_DIRECT_OBJC_ISA_USAGE = YES_ERROR;
				CLANG_WARN_EMPTY_BODY = YES;
				CLANG_WARN_ENUM_CONVERSION = YES;
				CLANG_WARN_INT_CONVERSION = YES;
				CLANG_WARN_OBJC_ROOT_CLASS = YES_ERROR;
				CLANG_WARN_UNREACHABLE_CODE = YES;
				CLANG_WARN__DUPLICATE_METHOD_MATCH = YES;
				"CODE_SIGN_IDENTITY[sdk=iphoneos*]" = "iPhone Developer";
				COPY_PHASE_STRIP = NO;
				DEBUG_INFORMATION_FORMAT = "dwarf-with-dsym";
				ENABLE_NS_ASSERTIONS = NO;
				ENABLE_STRICT_OBJC_MSGSEND = YES;
				GCC_C_LANGUAGE_STANDARD = gnu99;
				GCC_NO_COMMON_BLOCKS = YES;
				GCC_WARN_64_TO_32_BIT_CONVERSION = YES;
				GCC_WARN_ABOUT_RETURN_TYPE = YES_ERROR;
				GCC_WARN_UNDECLARED_SELECTOR = YES;
				GCC_WARN_UNINITIALIZED_AUTOS = YES_AGGRESSIVE;
				GCC_WARN_UNUSED_FUNCTION = YES;
				GCC_WARN_UNUSED_VARIABLE = YES;
				IPHONEOS_DEPLOYMENT_TARGET = 9.0;
				MTL_ENABLE_DEBUG_INFO = NO;
				SDKROOT = iphoneos;
				TARGETED_DEVICE_FAMILY = "1,2";
				VALIDATE_PRODUCT = YES;
			};
			name = Release;
		};
		9A2D26871BB053370083A4EC /* Debug */ = {
			isa = XCBuildConfiguration;
			buildSettings = {
				ASSETCATALOG_COMPILER_APPICON_NAME = AppIcon;
				INFOPLIST_FILE = ThreadsWorkHome/Info.plist;
				LD_RUNPATH_SEARCH_PATHS = "$(inherited) @executable_path/Frameworks";
				PRODUCT_BUNDLE_IDENTIFIER = "Devil-Academy.ThreadsWorkHome";
				PRODUCT_NAME = "$(TARGET_NAME)";
			};
			name = Debug;
		};
		9A2D26881BB053370083A4EC /* Release */ = {
			isa = XCBuildConfiguration;
			buildSettings = {
				ASSETCATALOG_COMPILER_APPICON_NAME = AppIcon;
				INFOPLIST_FILE = ThreadsWorkHome/Info.plist;
				LD_RUNPATH_SEARCH_PATHS = "$(inherited) @executable_path/Frameworks";
				PRODUCT_BUNDLE_IDENTIFIER = "Devil-Academy.ThreadsWorkHome";
				PRODUCT_NAME = "$(TARGET_NAME)";
			};
			name = Release;
		};
		9A2D268A1BB053370083A4EC /* Debug */ = {
			isa = XCBuildConfiguration;
			buildSettings = {
				BUNDLE_LOADER = "$(TEST_HOST)";
				INFOPLIST_FILE = ThreadsWorkHomeTests/Info.plist;
				LD_RUNPATH_SEARCH_PATHS = "$(inherited) @executable_path/Frameworks @loader_path/Frameworks";
				PRODUCT_BUNDLE_IDENTIFIER = "Devil-Academy.ThreadsWorkHomeTests";
				PRODUCT_NAME = "$(TARGET_NAME)";
				TEST_HOST = "$(BUILT_PRODUCTS_DIR)/ThreadsWorkHome.app/ThreadsWorkHome";
			};
			name = Debug;
		};
		9A2D268B1BB053370083A4EC /* Release */ = {
			isa = XCBuildConfiguration;
			buildSettings = {
				BUNDLE_LOADER = "$(TEST_HOST)";
				INFOPLIST_FILE = ThreadsWorkHomeTests/Info.plist;
				LD_RUNPATH_SEARCH_PATHS = "$(inherited) @executable_path/Frameworks @loader_path/Frameworks";
				PRODUCT_BUNDLE_IDENTIFIER = "Devil-Academy.ThreadsWorkHomeTests";
				PRODUCT_NAME = "$(TARGET_NAME)";
				TEST_HOST = "$(BUILT_PRODUCTS_DIR)/ThreadsWorkHome.app/ThreadsWorkHome";
			};
			name = Release;
		};
		9A2D268D1BB053370083A4EC /* Debug */ = {
			isa = XCBuildConfiguration;
			buildSettings = {
				INFOPLIST_FILE = ThreadsWorkHomeUITests/Info.plist;
				LD_RUNPATH_SEARCH_PATHS = "$(inherited) @executable_path/Frameworks @loader_path/Frameworks";
				PRODUCT_BUNDLE_IDENTIFIER = "Devil-Academy.ThreadsWorkHomeUITests";
				PRODUCT_NAME = "$(TARGET_NAME)";
				TEST_TARGET_NAME = ThreadsWorkHome;
				USES_XCTRUNNER = YES;
			};
			name = Debug;
		};
		9A2D268E1BB053370083A4EC /* Release */ = {
			isa = XCBuildConfiguration;
			buildSettings = {
				INFOPLIST_FILE = ThreadsWorkHomeUITests/Info.plist;
				LD_RUNPATH_SEARCH_PATHS = "$(inherited) @executable_path/Frameworks @loader_path/Frameworks";
				PRODUCT_BUNDLE_IDENTIFIER = "Devil-Academy.ThreadsWorkHomeUITests";
				PRODUCT_NAME = "$(TARGET_NAME)";
				TEST_TARGET_NAME = ThreadsWorkHome;
				USES_XCTRUNNER = YES;
			};
			name = Release;
		};
/* End XCBuildConfiguration section */

/* Begin XCConfigurationList section */
		9A2D26541BB053370083A4EC /* Build configuration list for PBXProject "ThreadsWorkHome" */ = {
			isa = XCConfigurationList;
			buildConfigurations = (
				9A2D26841BB053370083A4EC /* Debug */,
				9A2D26851BB053370083A4EC /* Release */,
			);
			defaultConfigurationIsVisible = 0;
			defaultConfigurationName = Release;
		};
		9A2D26861BB053370083A4EC /* Build configuration list for PBXNativeTarget "ThreadsWorkHome" */ = {
			isa = XCConfigurationList;
			buildConfigurations = (
				9A2D26871BB053370083A4EC /* Debug */,
				9A2D26881BB053370083A4EC /* Release */,
			);
			defaultConfigurationIsVisible = 0;
			defaultConfigurationName = Release;
		};
		9A2D26891BB053370083A4EC /* Build configuration list for PBXNativeTarget "ThreadsWorkHomeTests" */ = {
			isa = XCConfigurationList;
			buildConfigurations = (
				9A2D268A1BB053370083A4EC /* Debug */,
				9A2D268B1BB053370083A4EC /* Release */,
			);
			defaultConfigurationIsVisible = 0;
			defaultConfigurationName = Release;
		};
		9A2D268C1BB053370083A4EC /* Build configuration list for PBXNativeTarget "ThreadsWorkHomeUITests" */ = {
			isa = XCConfigurationList;
			buildConfigurations = (
				9A2D268D1BB053370083A4EC /* Debug */,
				9A2D268E1BB053370083A4EC /* Release */,
			);
			defaultConfigurationIsVisible = 0;
			defaultConfigurationName = Release;
		};
/* End XCConfigurationList section */
	};
	rootObject = 9A2D26511BB053370083A4EC /* Project object */;
}
